
Microsoft Visual Studio Solution File, Format Version 12.00
# Visual Studio Version 16
VisualStudioVersion = 16.0.29009.5
MinimumVisualStudioVersion = 10.0.40219.1
Project("{FAE04EC0-301F-11D3-BF4B-00C04F79EFBC}") = "Interior", "Interior\Interior.csproj", "{BE486CCF-53E0-4574-B675-DCF03FE19D23}"
EndProject
Global
	GlobalSection(SolutionConfigurationPlatforms) = preSolution
		Debug|Any CPU = Debug|Any CPU
		Release|Any CPU = Release|Any CPU
	EndGlobalSection
	GlobalSection(ProjectConfigurationPlatforms) = postSolution
		{BE486CCF-53E0-4574-B675-DCF03FE19D23}.Debug|Any CPU.ActiveCfg = Debug|Any CPU
		{BE486CCF-53E0-4574-B675-DCF03FE19D23}.Debug|Any CPU.Build.0 = Debug|Any CPU
		{BE486CCF-53E0-4574-B675-DCF03FE19D23}.Release|Any CPU.ActiveCfg = Release|Any CPU
		{BE486CCF-53E0-4574-B675-DCF03FE19D23}.Release|Any CPU.Build.0 = Release|Any CPU
	EndGlobalSection
	GlobalSection(SolutionProperties) = preSolution
		HideSolutionNode = FALSE
	EndGlobalSection
	GlobalSection(ExtensibilityGlobals) = postSolution
		SolutionGuid = {8301E4FB-AD37-4318-9E94-01E08387875F}
	EndGlobalSection
EndGlobal
